// !$*UTF8*$!
{
	archiveVersion = 1;
	classes = {
	};
	objectVersion = 51;
	objects = {

/* Begin PBXBuildFile section */
		AC22757122AE786500070837 /* AppDelegate.swift in Sources */ = {isa = PBXBuildFile; fileRef = AC22757022AE786500070837 /* AppDelegate.swift */; };
		AC22757322AE786500070837 /* ViewController.swift in Sources */ = {isa = PBXBuildFile; fileRef = AC22757222AE786500070837 /* ViewController.swift */; };
		AC22757622AE786500070837 /* Main.storyboard in Resources */ = {isa = PBXBuildFile; fileRef = AC22757422AE786500070837 /* Main.storyboard */; };
		AC22757822AE786500070837 /* Assets.xcassets in Resources */ = {isa = PBXBuildFile; fileRef = AC22757722AE786500070837 /* Assets.xcassets */; };
		AC22757B22AE786500070837 /* LaunchScreen.storyboard in Resources */ = {isa = PBXBuildFile; fileRef = AC22757922AE786500070837 /* LaunchScreen.storyboard */; };
		C5E1FADAAA6BDD931BDB5CDE /* Pods_WI_BLE_Lib_Sample.framework in Frameworks */ = {isa = PBXBuildFile; fileRef = 7BB26BAB691BCC34C1ACFC97 /* Pods_WI_BLE_Lib_Sample.framework */; };
/* End PBXBuildFile section */

/* Begin PBXFileReference section */
		5C1145492FF8251F7CBD6FCB /* Pods-WI BLE Lib Sample.release.xcconfig */ = {isa = PBXFileReference; includeInIndex = 1; lastKnownFileType = text.xcconfig; name = "Pods-WI BLE Lib Sample.release.xcconfig"; path = "Target Support Files/Pods-WI BLE Lib Sample/Pods-WI BLE Lib Sample.release.xcconfig"; sourceTree = "<group>"; };
		7BB26BAB691BCC34C1ACFC97 /* Pods_WI_BLE_Lib_Sample.framework */ = {isa = PBXFileReference; explicitFileType = wrapper.framework; includeInIndex = 0; path = Pods_WI_BLE_Lib_Sample.framework; sourceTree = BUILT_PRODUCTS_DIR; };
		AC22756D22AE786500070837 /* WI BLE Lib Sample.app */ = {isa = PBXFileReference; explicitFileType = wrapper.application; includeInIndex = 0; path = "WI BLE Lib Sample.app"; sourceTree = BUILT_PRODUCTS_DIR; };
		AC22757022AE786500070837 /* AppDelegate.swift */ = {isa = PBXFileReference; lastKnownFileType = sourcecode.swift; path = AppDelegate.swift; sourceTree = "<group>"; };
		AC22757222AE786500070837 /* ViewController.swift */ = {isa = PBXFileReference; lastKnownFileType = sourcecode.swift; path = ViewController.swift; sourceTree = "<group>"; };
		AC22757522AE786500070837 /* Base */ = {isa = PBXFileReference; lastKnownFileType = file.storyboard; name = Base; path = Base.lproj/Main.storyboard; sourceTree = "<group>"; };
		AC22757722AE786500070837 /* Assets.xcassets */ = {isa = PBXFileReference; lastKnownFileType = folder.assetcatalog; path = Assets.xcassets; sourceTree = "<group>"; };
		AC22757A22AE786500070837 /* Base */ = {isa = PBXFileReference; lastKnownFileType = file.storyboard; name = Base; path = Base.lproj/LaunchScreen.storyboard; sourceTree = "<group>"; };
		AC22757C22AE786600070837 /* Info.plist */ = {isa = PBXFileReference; lastKnownFileType = text.plist.xml; path = Info.plist; sourceTree = "<group>"; };
		B3F8496D4998D40AE171E586 /* Pods-WI BLE Lib Sample.debug.xcconfig */ = {isa = PBXFileReference; includeInIndex = 1; lastKnownFileType = text.xcconfig; name = "Pods-WI BLE Lib Sample.debug.xcconfig"; path = "Target Support Files/Pods-WI BLE Lib Sample/Pods-WI BLE Lib Sample.debug.xcconfig"; sourceTree = "<group>"; };
/* End PBXFileReference section */

/* Begin PBXFrameworksBuildPhase section */
		AC22756A22AE786500070837 /* Frameworks */ = {
			isa = PBXFrameworksBuildPhase;
			buildActionMask = 2147483647;
			files = (
				C5E1FADAAA6BDD931BDB5CDE /* Pods_WI_BLE_Lib_Sample.framework in Frameworks */,
			);
			runOnlyForDeploymentPostprocessing = 0;
		};
/* End PBXFrameworksBuildPhase section */

/* Begin PBXGroup section */
		433ED4BD63270EABFB3BE309 /* Pods */ = {
			isa = PBXGroup;
			children = (
				B3F8496D4998D40AE171E586 /* Pods-WI BLE Lib Sample.debug.xcconfig */,
				5C1145492FF8251F7CBD6FCB /* Pods-WI BLE Lib Sample.release.xcconfig */,
			);
			path = Pods;
			sourceTree = "<group>";
		};
		81EB69AA159B070EF5374866 /* Frameworks */ = {
			isa = PBXGroup;
			children = (
				7BB26BAB691BCC34C1ACFC97 /* Pods_WI_BLE_Lib_Sample.framework */,
			);
			name = Frameworks;
			sourceTree = "<group>";
		};
		AC22756422AE786500070837 = {
			isa = PBXGroup;
			children = (
				AC22756F22AE786500070837 /* WI BLE Lib Sample */,
				AC22756E22AE786500070837 /* Products */,
				433ED4BD63270EABFB3BE309 /* Pods */,
				81EB69AA159B070EF5374866 /* Frameworks */,
			);
			sourceTree = "<group>";
		};
		AC22756E22AE786500070837 /* Products */ = {
			isa = PBXGroup;
			children = (
				AC22756D22AE786500070837 /* WI BLE Lib Sample.app */,
			);
			name = Products;
			sourceTree = "<group>";
		};
		AC22756F22AE786500070837 /* WI BLE Lib Sample */ = {
			isa = PBXGroup;
			children = (
				AC22757022AE786500070837 /* AppDelegate.swift */,
				AC22757222AE786500070837 /* ViewController.swift */,
				AC22757422AE786500070837 /* Main.storyboard */,
				AC22757722AE786500070837 /* Assets.xcassets */,
				AC22757922AE786500070837 /* LaunchScreen.storyboard */,
				AC22757C22AE786600070837 /* Info.plist */,
			);
			path = "WI BLE Lib Sample";
			sourceTree = "<group>";
		};
/* End PBXGroup section */

/* Begin PBXNativeTarget section */
		AC22756C22AE786500070837 /* WI BLE Lib Sample */ = {
			isa = PBXNativeTarget;
			buildConfigurationList = AC22757F22AE786600070837 /* Build configuration list for PBXNativeTarget "WI BLE Lib Sample" */;
			buildPhases = (
				2D106E2525650FF6924B0CF8 /* [CP] Check Pods Manifest.lock */,
				AC22756922AE786500070837 /* Sources */,
				AC22756A22AE786500070837 /* Frameworks */,
				AC22756B22AE786500070837 /* Resources */,
				17E83CE1355B6DBBEB4BBA9E /* [CP] Embed Pods Frameworks */,
			);
			buildRules = (
			);
			dependencies = (
			);
			name = "WI BLE Lib Sample";
			productName = "WI BLE Lib Sample";
			productReference = AC22756D22AE786500070837 /* WI BLE Lib Sample.app */;
			productType = "com.apple.product-type.application";
		};
/* End PBXNativeTarget section */

/* Begin PBXProject section */
		AC22756522AE786500070837 /* Project object */ = {
			isa = PBXProject;
			attributes = {
				LastSwiftUpdateCheck = 1020;
				LastUpgradeCheck = 1020;
				ORGANIZATIONNAME = "ZOYI Corporation";
				TargetAttributes = {
					AC22756C22AE786500070837 = {
						CreatedOnToolsVersion = 10.2.1;
					};
				};
			};
			buildConfigurationList = AC22756822AE786500070837 /* Build configuration list for PBXProject "WI BLE Lib Sample" */;
			compatibilityVersion = "Xcode 9.3";
			developmentRegion = en;
			hasScannedForEncodings = 0;
			knownRegions = (
				en,
				Base,
			);
			mainGroup = AC22756422AE786500070837;
			productRefGroup = AC22756E22AE786500070837 /* Products */;
			projectDirPath = "";
			projectRoot = "";
			targets = (
				AC22756C22AE786500070837 /* WI BLE Lib Sample */,
			);
		};
/* End PBXProject section */

/* Begin PBXResourcesBuildPhase section */
		AC22756B22AE786500070837 /* Resources */ = {
			isa = PBXResourcesBuildPhase;
			buildActionMask = 2147483647;
			files = (
				AC22757B22AE786500070837 /* LaunchScreen.storyboard in Resources */,
				AC22757822AE786500070837 /* Assets.xcassets in Resources */,
				AC22757622AE786500070837 /* Main.storyboard in Resources */,
			);
			runOnlyForDeploymentPostprocessing = 0;
		};
/* End PBXResourcesBuildPhase section */

/* Begin PBXShellScriptBuildPhase section */
		17E83CE1355B6DBBEB4BBA9E /* [CP] Embed Pods Frameworks */ = {
			isa = PBXShellScriptBuildPhase;
			buildActionMask = 2147483647;
			files = (
			);
			inputFileListPaths = (
				"${PODS_ROOT}/Target Support Files/Pods-WI BLE Lib Sample/Pods-WI BLE Lib Sample-frameworks-${CONFIGURATION}-input-files.xcfilelist",
			);
			name = "[CP] Embed Pods Frameworks";
			outputFileListPaths = (
				"${PODS_ROOT}/Target Support Files/Pods-WI BLE Lib Sample/Pods-WI BLE Lib Sample-frameworks-${CONFIGURATION}-output-files.xcfilelist",
			);
			runOnlyForDeploymentPostprocessing = 0;
			shellPath = /bin/sh;
			shellScript = "\"${PODS_ROOT}/Target Support Files/Pods-WI BLE Lib Sample/Pods-WI BLE Lib Sample-frameworks.sh\"\n";
			showEnvVarsInLog = 0;
		};
		2D106E2525650FF6924B0CF8 /* [CP] Check Pods Manifest.lock */ = {
			isa = PBXShellScriptBuildPhase;
			buildActionMask = 2147483647;
			files = (
			);
			inputFileListPaths = (
			);
			inputPaths = (
				"${PODS_PODFILE_DIR_PATH}/Podfile.lock",
				"${PODS_ROOT}/Manifest.lock",
			);
			name = "[CP] Check Pods Manifest.lock";
			outputFileListPaths = (
			);
			outputPaths = (
				"$(DERIVED_FILE_DIR)/Pods-WI BLE Lib Sample-checkManifestLockResult.txt",
			);
			runOnlyForDeploymentPostprocessing = 0;
			shellPath = /bin/sh;
			shellScript = "diff \"${PODS_PODFILE_DIR_PATH}/Podfile.lock\" \"${PODS_ROOT}/Manifest.lock\" > /dev/null\nif [ $? != 0 ] ; then\n    # print error to STDERR\n    echo \"error: The sandbox is not in sync with the Podfile.lock. Run 'pod install' or update your CocoaPods installation.\" >&2\n    exit 1\nfi\n# This output is used by Xcode 'outputs' to avoid re-running this script phase.\necho \"SUCCESS\" > \"${SCRIPT_OUTPUT_FILE_0}\"\n";
			showEnvVarsInLog = 0;
		};
/* End PBXShellScriptBuildPhase section */

/* Begin PBXSourcesBuildPhase section */
		AC22756922AE786500070837 /* Sources */ = {
			isa = PBXSourcesBuildPhase;
			buildActionMask = 2147483647;
			files = (
				AC22757322AE786500070837 /* ViewController.swift in Sources */,
				AC22757122AE786500070837 /* AppDelegate.swift in Sources */,
			);
			runOnlyForDeploymentPostprocessing = 0;
		};
/* End PBXSourcesBuildPhase section */

/* Begin PBXVariantGroup section */
		AC22757422AE786500070837 /* Main.storyboard */ = {
			isa = PBXVariantGroup;
			children = (
				AC22757522AE786500070837 /* Base */,
			);
			name = Main.storyboard;
			sourceTree = "<group>";
		};
		AC22757922AE786500070837 /* LaunchScreen.storyboard */ = {
			isa = PBXVariantGroup;
			children = (
				AC22757A22AE786500070837 /* Base */,
			);
			name = LaunchScreen.storyboard;
			sourceTree = "<group>";
		};
/* End PBXVariantGroup section */

/* Begin XCBuildConfiguration section */
		AC22757D22AE786600070837 /* Debug */ = {
			isa = XCBuildConfiguration;
			buildSettings = {
				ALWAYS_SEARCH_USER_PATHS = NO;
				CLANG_ANALYZER_NONNULL = YES;
				CLANG_ANALYZER_NUMBER_OBJECT_CONVERSION = YES_AGGRESSIVE;
				CLANG_CXX_LANGUAGE_STANDARD = "gnu++14";
				CLANG_CXX_LIBRARY = "libc++";
				CLANG_ENABLE_MODULES = YES;
				CLANG_ENABLE_OBJC_ARC = YES;
				CLANG_ENABLE_OBJC_WEAK = YES;
				CLANG_WARN_BLOCK_CAPTURE_AUTORELEASING = YES;
				CLANG_WARN_BOOL_CONVERSION = YES;
				CLANG_WARN_COMMA = YES;
				CLANG_WARN_CONSTANT_CONVERSION = YES;
				CLANG_WARN_DEPRECATED_OBJC_IMPLEMENTATIONS = YES;
				CLANG_WARN_DIRECT_OBJC_ISA_USAGE = YES_ERROR;
				CLANG_WARN_DOCUMENTATION_COMMENTS = YES;
				CLANG_WARN_EMPTY_BODY = YES;
				CLANG_WARN_ENUM_CONVERSION = YES;
				CLANG_WARN_INFINITE_RECURSION = YES;
				CLANG_WARN_INT_CONVERSION = YES;
				CLANG_WARN_NON_LITERAL_NULL_CONVERSION = YES;
				CLANG_WARN_OBJC_IMPLICIT_RETAIN_SELF = YES;
				CLANG_WARN_OBJC_LITERAL_CONVERSION = YES;
				CLANG_WARN_OBJC_ROOT_CLASS = YES_ERROR;
				CLANG_WARN_RANGE_LOOP_ANALYSIS = YES;
				CLANG_WARN_STRICT_PROTOTYPES = YES;
				CLANG_WARN_SUSPICIOUS_MOVE = YES;
				CLANG_WARN_UNGUARDED_AVAILABILITY = YES_AGGRESSIVE;
				CLANG_WARN_UNREACHABLE_CODE = YES;
				CLANG_WARN__DUPLICATE_METHOD_MATCH = YES;
				CODE_SIGN_IDENTITY = "iPhone Developer";
				COPY_PHASE_STRIP = NO;
				DEBUG_INFORMATION_FORMAT = dwarf;
				ENABLE_STRICT_OBJC_MSGSEND = YES;
				ENABLE_TESTABILITY = YES;
				GCC_C_LANGUAGE_STANDARD = gnu11;
				GCC_DYNAMIC_NO_PIC = NO;
				GCC_NO_COMMON_BLOCKS = YES;
				GCC_OPTIMIZATION_LEVEL = 0;
				GCC_PREPROCESSOR_DEFINITIONS = (
					"DEBUG=1",
					"$(inherited)",
				);
				GCC_WARN_64_TO_32_BIT_CONVERSION = YES;
				GCC_WARN_ABOUT_RETURN_TYPE = YES_ERROR;
				GCC_WARN_UNDECLARED_SELECTOR = YES;
				GCC_WARN_UNINITIALIZED_AUTOS = YES_AGGRESSIVE;
				GCC_WARN_UNUSED_FUNCTION = YES;
				GCC_WARN_UNUSED_VARIABLE = YES;
				IPHONEOS_DEPLOYMENT_TARGET = 12.2;
				MTL_ENABLE_DEBUG_INFO = INCLUDE_SOURCE;
				MTL_FAST_MATH = YES;
				ONLY_ACTIVE_ARCH = YES;
				SDKROOT = iphoneos;
				SWIFT_ACTIVE_COMPILATION_CONDITIONS = DEBUG;
				SWIFT_OPTIMIZATION_LEVEL = "-Onone";
			};
			name = Debug;
		};
		AC22757E22AE786600070837 /* Release */ = {
			isa = XCBuildConfiguration;
			buildSettings = {
				ALWAYS_SEARCH_USER_PATHS = NO;
				CLANG_ANALYZER_NONNULL = YES;
				CLANG_ANALYZER_NUMBER_OBJECT_CONVERSION = YES_AGGRESSIVE;
				CLANG_CXX_LANGUAGE_STANDARD = "gnu++14";
				CLANG_CXX_LIBRARY = "libc++";
				CLANG_ENABLE_MODULES = YES;
				CLANG_ENABLE_OBJC_ARC = YES;
				CLANG_ENABLE_OBJC_WEAK = YES;
				CLANG_WARN_BLOCK_CAPTURE_AUTORELEASING = YES;
				CLANG_WARN_BOOL_CONVERSION = YES;
				CLANG_WARN_COMMA = YES;
				CLANG_WARN_CONSTANT_CONVERSION = YES;
				CLANG_WARN_DEPRECATED_OBJC_IMPLEMENTATIONS = YES;
				CLANG_WARN_DIRECT_OBJC_ISA_USAGE = YES_ERROR;
				CLANG_WARN_DOCUMENTATION_COMMENTS = YES;
				CLANG_WARN_EMPTY_BODY = YES;
				CLANG_WARN_ENUM_CONVERSION = YES;
				CLANG_WARN_INFINITE_RECURSION = YES;
				CLANG_WARN_INT_CONVERSION = YES;
				CLANG_WARN_NON_LITERAL_NULL_CONVERSION = YES;
				CLANG_WARN_OBJC_IMPLICIT_RETAIN_SELF = YES;
				CLANG_WARN_OBJC_LITERAL_CONVERSION = YES;
				CLANG_WARN_OBJC_ROOT_CLASS = YES_ERROR;
				CLANG_WARN_RANGE_LOOP_ANALYSIS = YES;
				CLANG_WARN_STRICT_PROTOTYPES = YES;
				CLANG_WARN_SUSPICIOUS_MOVE = YES;
				CLANG_WARN_UNGUARDED_AVAILABILITY = YES_AGGRESSIVE;
				CLANG_WARN_UNREACHABLE_CODE = YES;
				CLANG_WARN__DUPLICATE_METHOD_MATCH = YES;
				CODE_SIGN_IDENTITY = "iPhone Developer";
				COPY_PHASE_STRIP = NO;
				DEBUG_INFORMATION_FORMAT = "dwarf-with-dsym";
				ENABLE_NS_ASSERTIONS = NO;
				ENABLE_STRICT_OBJC_MSGSEND = YES;
				GCC_C_LANGUAGE_STANDARD = gnu11;
				GCC_NO_COMMON_BLOCKS = YES;
				GCC_WARN_64_TO_32_BIT_CONVERSION = YES;
				GCC_WARN_ABOUT_RETURN_TYPE = YES_ERROR;
				GCC_WARN_UNDECLARED_SELECTOR = YES;
				GCC_WARN_UNINITIALIZED_AUTOS = YES_AGGRESSIVE;
				GCC_WARN_UNUSED_FUNCTION = YES;
				GCC_WARN_UNUSED_VARIABLE = YES;
				IPHONEOS_DEPLOYMENT_TARGET = 12.2;
				MTL_ENABLE_DEBUG_INFO = NO;
				MTL_FAST_MATH = YES;
				SDKROOT = iphoneos;
				SWIFT_COMPILATION_MODE = wholemodule;
				SWIFT_OPTIMIZATION_LEVEL = "-O";
				VALIDATE_PRODUCT = YES;
			};
			name = Release;
		};
		AC22758022AE786600070837 /* Debug */ = {
			isa = XCBuildConfiguration;
			baseConfigurationReference = B3F8496D4998D40AE171E586 /* Pods-WI BLE Lib Sample.debug.xcconfig */;
			buildSettings = {
				ASSETCATALOG_COMPILER_APPICON_NAME = AppIcon;
				CODE_SIGN_STYLE = Automatic;
				DEVELOPMENT_TEAM = 8278Q64QFC;
				INFOPLIST_FILE = "WI BLE Lib Sample/Info.plist";
				IPHONEOS_DEPLOYMENT_TARGET = 8.0;
				LD_RUNPATH_SEARCH_PATHS = (
					"$(inherited)",
					"@executable_path/Frameworks",
				);
				PRODUCT_BUNDLE_IDENTIFIER = "com.zoyi.wi.WI-BLE-Lib-Sample";
				PRODUCT_NAME = "$(TARGET_NAME)";
				SWIFT_VERSION = 5.0;
				TARGETED_DEVICE_FAMILY = 1;
			};
			name = Debug;
		};
		AC22758122AE786600070837 /* Release */ = {
			isa = XCBuildConfiguration;
			baseConfigurationReference = 5C1145492FF8251F7CBD6FCB /* Pods-WI BLE Lib Sample.release.xcconfig */;
			buildSettings = {
				ASSETCATALOG_COMPILER_APPICON_NAME = AppIcon;
				CODE_SIGN_STYLE = Automatic;
				DEVELOPMENT_TEAM = 8278Q64QFC;
				INFOPLIST_FILE = "WI BLE Lib Sample/Info.plist";
				IPHONEOS_DEPLOYMENT_TARGET = 8.0;
				LD_RUNPATH_SEARCH_PATHS = (
					"$(inherited)",
					"@executable_path/Frameworks",
				);
				PRODUCT_BUNDLE_IDENTIFIER = "com.zoyi.wi.WI-BLE-Lib-Sample";
				PRODUCT_NAME = "$(TARGET_NAME)";
				SWIFT_VERSION = 5.0;
				TARGETED_DEVICE_FAMILY = 1;
			};
			name = Release;
		};
/* End XCBuildConfiguration section */

/* Begin XCConfigurationList section */
		AC22756822AE786500070837 /* Build configuration list for PBXProject "WI BLE Lib Sample" */ = {
			isa = XCConfigurationList;
			buildConfigurations = (
				AC22757D22AE786600070837 /* Debug */,
				AC22757E22AE786600070837 /* Release */,
			);
			defaultConfigurationIsVisible = 0;
			defaultConfigurationName = Release;
		};
		AC22757F22AE786600070837 /* Build configuration list for PBXNativeTarget "WI BLE Lib Sample" */ = {
			isa = XCConfigurationList;
			buildConfigurations = (
				AC22758022AE786600070837 /* Debug */,
				AC22758122AE786600070837 /* Release */,
			);
			defaultConfigurationIsVisible = 0;
			defaultConfigurationName = Release;
		};
/* End XCConfigurationList section */
	};
	rootObject = AC22756522AE786500070837 /* Project object */;
}
